dependencies:
- name: common
  repository: https://charts.bitnami.com/bitnami
  version: 2.40.0
- name: backstage
  repository: file://./vendor/backstage/charts/backstage/
  version: 2.7.0
digest: sha256:69e4ffea3c17f6bc6027674644c66432a501e0621adb3244ca1707c1a071d2c4
generated: "2026-05-19T18:45:29.692537444Z"
