dependencies:
- name: common
  repository: https://charts.bitnami.com/bitnami
  version: 2.40.0
- name: backstage
  repository: file://./vendor/backstage/charts/backstage/
  version: 2.8.0
digest: sha256:3a285e9b4bb569e1138a09ca0d894f1d09ec053d27901913dbed5a151c591fab
generated: "2026-06-01T04:30:43.114289007Z"
